
Microsoft Visual Studio Solution File, Format Version 12.00
# Visual Studio 15
Project("{FAE04EC0-301F-11D3-BF4B-00C04F79EFBC}") = "Assembly-CSharp", "Assembly-CSharp.csproj", "{67F4CE4E-B224-4702-4684-46662CB96294}"
EndProject
Project("{FAE04EC0-301F-11D3-BF4B-00C04F79EFBC}") = "Quantum.Simulation", "Quantum.Simulation.csproj", "{A8022453-24EC-E3C9-5C4B-97EC2D40B3E5}"
EndProject
Project("{FAE04EC0-301F-11D3-BF4B-00C04F79EFBC}") = "Quantum.Unity", "Quantum.Unity.csproj", "{EE48E084-3FC4-801B-E29B-845E44926AB8}"
EndProject
Project("{FAE04EC0-301F-11D3-BF4B-00C04F79EFBC}") = "Photon.Realtime", "Photon.Realtime.csproj", "{0678E412-5636-A362-BD27-4A863EA1073E}"
EndProject
Project("{FAE04EC0-301F-11D3-BF4B-00C04F79EFBC}") = "Assembly-CSharp-Editor", "Assembly-CSharp-Editor.csproj", "{6EAAC51F-DA0C-DB3E-EB58-2CF3D618ADB8}"
EndProject
Project("{FAE04EC0-301F-11D3-BF4B-00C04F79EFBC}") = "Quantum.Unity.Editor", "Quantum.Unity.Editor.csproj", "{F985C6BF-4C63-C48D-7189-24C7C3F6F569}"
EndProject
Project("{FAE04EC0-301F-11D3-BF4B-00C04F79EFBC}") = "Assembly-CSharp-firstpass", "Assembly-CSharp-firstpass.csproj", "{86CB9DB8-7227-156B-28C6-633F902AC36D}"
EndProject
Project("{FAE04EC0-301F-11D3-BF4B-00C04F79EFBC}") = "Tayx.Graphy", "Tayx.Graphy.csproj", "{664307E7-DE06-B0D5-0E2F-75FDE206B4AB}"
EndProject
Project("{FAE04EC0-301F-11D3-BF4B-00C04F79EFBC}") = "Tayx.Graphy.Editor", "Tayx.Graphy.Editor.csproj", "{B9D59014-D939-4DBC-56F1-A399B054A8CD}"
EndProject
Project("{FAE04EC0-301F-11D3-BF4B-00C04F79EFBC}") = "Quantum.Unity.Editor.CodeGen", "Quantum.Unity.Editor.CodeGen.csproj", "{3BC31545-8E23-8AF6-BC31-A99FCA444310}"
EndProject
Global
	GlobalSection(SolutionConfigurationPlatforms) = preSolution
		Debug|Any CPU = Debug|Any CPU
		Release|Any CPU = Release|Any CPU
	EndGlobalSection
	GlobalSection(ProjectConfigurationPlatforms) = postSolution
		{67F4CE4E-B224-4702-4684-46662CB96294}.Debug|Any CPU.ActiveCfg = Debug|Any CPU
		{67F4CE4E-B224-4702-4684-46662CB96294}.Debug|Any CPU.Build.0 = Debug|Any CPU
		{67F4CE4E-B224-4702-4684-46662CB96294}.Release|Any CPU.ActiveCfg = Release|Any CPU
		{67F4CE4E-B224-4702-4684-46662CB96294}.Release|Any CPU.Build.0 = Release|Any CPU
		{A8022453-24EC-E3C9-5C4B-97EC2D40B3E5}.Debug|Any CPU.ActiveCfg = Debug|Any CPU
		{A8022453-24EC-E3C9-5C4B-97EC2D40B3E5}.Debug|Any CPU.Build.0 = Debug|Any CPU
		{A8022453-24EC-E3C9-5C4B-97EC2D40B3E5}.Release|Any CPU.ActiveCfg = Release|Any CPU
		{A8022453-24EC-E3C9-5C4B-97EC2D40B3E5}.Release|Any CPU.Build.0 = Release|Any CPU
		{EE48E084-3FC4-801B-E29B-845E44926AB8}.Debug|Any CPU.ActiveCfg = Debug|Any CPU
		{EE48E084-3FC4-801B-E29B-845E44926AB8}.Debug|Any CPU.Build.0 = Debug|Any CPU
		{EE48E084-3FC4-801B-E29B-845E44926AB8}.Release|Any CPU.ActiveCfg = Release|Any CPU
		{EE48E084-3FC4-801B-E29B-845E44926AB8}.Release|Any CPU.Build.0 = Release|Any CPU
		{0678E412-5636-A362-BD27-4A863EA1073E}.Debug|Any CPU.ActiveCfg = Debug|Any CPU
		{0678E412-5636-A362-BD27-4A863EA1073E}.Debug|Any CPU.Build.0 = Debug|Any CPU
		{0678E412-5636-A362-BD27-4A863EA1073E}.Release|Any CPU.ActiveCfg = Release|Any CPU
		{0678E412-5636-A362-BD27-4A863EA1073E}.Release|Any CPU.Build.0 = Release|Any CPU
		{6EAAC51F-DA0C-DB3E-EB58-2CF3D618ADB8}.Debug|Any CPU.ActiveCfg = Debug|Any CPU
		{6EAAC51F-DA0C-DB3E-EB58-2CF3D618ADB8}.Debug|Any CPU.Build.0 = Debug|Any CPU
		{6EAAC51F-DA0C-DB3E-EB58-2CF3D618ADB8}.Release|Any CPU.ActiveCfg = Release|Any CPU
		{6EAAC51F-DA0C-DB3E-EB58-2CF3D618ADB8}.Release|Any CPU.Build.0 = Release|Any CPU
		{F985C6BF-4C63-C48D-7189-24C7C3F6F569}.Debug|Any CPU.ActiveCfg = Debug|Any CPU
		{F985C6BF-4C63-C48D-7189-24C7C3F6F569}.Debug|Any CPU.Build.0 = Debug|Any CPU
		{F985C6BF-4C63-C48D-7189-24C7C3F6F569}.Release|Any CPU.ActiveCfg = Release|Any CPU
		{F985C6BF-4C63-C48D-7189-24C7C3F6F569}.Release|Any CPU.Build.0 = Release|Any CPU
		{86CB9DB8-7227-156B-28C6-633F902AC36D}.Debug|Any CPU.ActiveCfg = Debug|Any CPU
		{86CB9DB8-7227-156B-28C6-633F902AC36D}.Debug|Any CPU.Build.0 = Debug|Any CPU
		{86CB9DB8-7227-156B-28C6-633F902AC36D}.Release|Any CPU.ActiveCfg = Release|Any CPU
		{86CB9DB8-7227-156B-28C6-633F902AC36D}.Release|Any CPU.Build.0 = Release|Any CPU
		{664307E7-DE06-B0D5-0E2F-75FDE206B4AB}.Debug|Any CPU.ActiveCfg = Debug|Any CPU
		{664307E7-DE06-B0D5-0E2F-75FDE206B4AB}.Debug|Any CPU.Build.0 = Debug|Any CPU
		{664307E7-DE06-B0D5-0E2F-75FDE206B4AB}.Release|Any CPU.ActiveCfg = Release|Any CPU
		{664307E7-DE06-B0D5-0E2F-75FDE206B4AB}.Release|Any CPU.Build.0 = Release|Any CPU
		{B9D59014-D939-4DBC-56F1-A399B054A8CD}.Debug|Any CPU.ActiveCfg = Debug|Any CPU
		{B9D59014-D939-4DBC-56F1-A399B054A8CD}.Debug|Any CPU.Build.0 = Debug|Any CPU
		{B9D59014-D939-4DBC-56F1-A399B054A8CD}.Release|Any CPU.ActiveCfg = Release|Any CPU
		{B9D59014-D939-4DBC-56F1-A399B054A8CD}.Release|Any CPU.Build.0 = Release|Any CPU
		{3BC31545-8E23-8AF6-BC31-A99FCA444310}.Debug|Any CPU.ActiveCfg = Debug|Any CPU
		{3BC31545-8E23-8AF6-BC31-A99FCA444310}.Debug|Any CPU.Build.0 = Debug|Any CPU
		{3BC31545-8E23-8AF6-BC31-A99FCA444310}.Release|Any CPU.ActiveCfg = Release|Any CPU
		{3BC31545-8E23-8AF6-BC31-A99FCA444310}.Release|Any CPU.Build.0 = Release|Any CPU
	EndGlobalSection
	GlobalSection(SolutionProperties) = preSolution
		HideSolutionNode = FALSE
	EndGlobalSection
EndGlobal
