
Microsoft Visual Studio Solution File, Format Version 11.00
# Visual Studio 2010
Project("{FAE04EC0-301F-11D3-BF4B-00C04F79EFBC}") = "Assembly-CSharp", "Assembly-CSharp.csproj", "{e8117ff8-8656-9eaf-6afb-0e9edcc80d78}"
EndProject
Project("{FAE04EC0-301F-11D3-BF4B-00C04F79EFBC}") = "Fusion.Unity.Editor", "Fusion.Unity.Editor.csproj", "{f28d3f97-6c71-ec02-7b67-532f622a40f1}"
EndProject
Project("{FAE04EC0-301F-11D3-BF4B-00C04F79EFBC}") = "Assembly-CSharp-Editor", "Assembly-CSharp-Editor.csproj", "{55af8e9a-0394-7d3e-ab44-a0fd6e3096e3}"
EndProject
Project("{FAE04EC0-301F-11D3-BF4B-00C04F79EFBC}") = "Fusion.Unity", "Fusion.Unity.csproj", "{3546245a-d3b7-d75c-d375-816f0871207d}"
EndProject
Project("{FAE04EC0-301F-11D3-BF4B-00C04F79EFBC}") = "Assembly-CSharp-firstpass", "Assembly-CSharp-firstpass.csproj", "{7665bb0a-6431-f175-1fb8-fa9b9fc994c6}"
EndProject
Project("{FAE04EC0-301F-11D3-BF4B-00C04F79EFBC}") = "Tayx.Graphy", "Tayx.Graphy.csproj", "{97ed546d-bd6e-6cc9-460a-80cfd19c85ff}"
EndProject
Project("{FAE04EC0-301F-11D3-BF4B-00C04F79EFBC}") = "DOTween.Modules", "DOTween.Modules.csproj", "{109ccf72-183a-8372-8ffe-673aca91e411}"
EndProject
Project("{FAE04EC0-301F-11D3-BF4B-00C04F79EFBC}") = "Unity.Fusion.CodeGen", "Unity.Fusion.CodeGen.csproj", "{9b69bf81-465f-8e3a-75cb-8f3d848e4246}"
EndProject
Project("{FAE04EC0-301F-11D3-BF4B-00C04F79EFBC}") = "Tayx.Graphy.Editor", "Tayx.Graphy.Editor.csproj", "{1ab9e7ef-ddf9-ee20-c3fd-347d17b68110}"
EndProject
Global
	GlobalSection(SolutionConfigurationPlatforms) = preSolution
		Debug|Any CPU = Debug|Any CPU
	EndGlobalSection
	GlobalSection(ProjectConfigurationPlatforms) = postSolution
		{e8117ff8-8656-9eaf-6afb-0e9edcc80d78}.Debug|Any CPU.ActiveCfg = Debug|Any CPU
		{e8117ff8-8656-9eaf-6afb-0e9edcc80d78}.Debug|Any CPU.Build.0 = Debug|Any CPU
		{f28d3f97-6c71-ec02-7b67-532f622a40f1}.Debug|Any CPU.ActiveCfg = Debug|Any CPU
		{f28d3f97-6c71-ec02-7b67-532f622a40f1}.Debug|Any CPU.Build.0 = Debug|Any CPU
		{55af8e9a-0394-7d3e-ab44-a0fd6e3096e3}.Debug|Any CPU.ActiveCfg = Debug|Any CPU
		{55af8e9a-0394-7d3e-ab44-a0fd6e3096e3}.Debug|Any CPU.Build.0 = Debug|Any CPU
		{3546245a-d3b7-d75c-d375-816f0871207d}.Debug|Any CPU.ActiveCfg = Debug|Any CPU
		{3546245a-d3b7-d75c-d375-816f0871207d}.Debug|Any CPU.Build.0 = Debug|Any CPU
		{7665bb0a-6431-f175-1fb8-fa9b9fc994c6}.Debug|Any CPU.ActiveCfg = Debug|Any CPU
		{7665bb0a-6431-f175-1fb8-fa9b9fc994c6}.Debug|Any CPU.Build.0 = Debug|Any CPU
		{97ed546d-bd6e-6cc9-460a-80cfd19c85ff}.Debug|Any CPU.ActiveCfg = Debug|Any CPU
		{97ed546d-bd6e-6cc9-460a-80cfd19c85ff}.Debug|Any CPU.Build.0 = Debug|Any CPU
		{109ccf72-183a-8372-8ffe-673aca91e411}.Debug|Any CPU.ActiveCfg = Debug|Any CPU
		{109ccf72-183a-8372-8ffe-673aca91e411}.Debug|Any CPU.Build.0 = Debug|Any CPU
		{9b69bf81-465f-8e3a-75cb-8f3d848e4246}.Debug|Any CPU.ActiveCfg = Debug|Any CPU
		{9b69bf81-465f-8e3a-75cb-8f3d848e4246}.Debug|Any CPU.Build.0 = Debug|Any CPU
		{1ab9e7ef-ddf9-ee20-c3fd-347d17b68110}.Debug|Any CPU.ActiveCfg = Debug|Any CPU
		{1ab9e7ef-ddf9-ee20-c3fd-347d17b68110}.Debug|Any CPU.Build.0 = Debug|Any CPU
	EndGlobalSection
	GlobalSection(SolutionProperties) = preSolution
		HideSolutionNode = FALSE
	EndGlobalSection
EndGlobal
