
Microsoft Visual Studio Solution File, Format Version 12.00
# Visual Studio 15
Project("{FAE04EC0-301F-11D3-BF4B-00C04F79EFBC}") = "Assembly-CSharp", "Assembly-CSharp.csproj", "{F87F11E8-5686-AF9E-6AFB-0E9EDCC80D78}"
EndProject
Project("{FAE04EC0-301F-11D3-BF4B-00C04F79EFBC}") = "Fusion.Unity.Editor", "Fusion.Unity.Editor.csproj", "{973F8DF2-716C-02EC-7B67-532F622A40F1}"
EndProject
Project("{FAE04EC0-301F-11D3-BF4B-00C04F79EFBC}") = "Assembly-CSharp-Editor", "Assembly-CSharp-Editor.csproj", "{9A8EAF55-9403-3E7D-AB44-A0FD6E3096E3}"
EndProject
Project("{FAE04EC0-301F-11D3-BF4B-00C04F79EFBC}") = "Fusion.Unity", "Fusion.Unity.csproj", "{5A244635-B7D3-5CD7-D375-816F0871207D}"
EndProject
Project("{FAE04EC0-301F-11D3-BF4B-00C04F79EFBC}") = "Assembly-CSharp-firstpass", "Assembly-CSharp-firstpass.csproj", "{0ABB6576-3164-75F1-1FB8-FA9B9FC994C6}"
EndProject
Project("{FAE04EC0-301F-11D3-BF4B-00C04F79EFBC}") = "Tayx.Graphy", "Tayx.Graphy.csproj", "{6D54ED97-6EBD-C96C-460A-80CFD19C85FF}"
EndProject
Project("{FAE04EC0-301F-11D3-BF4B-00C04F79EFBC}") = "DOTween.Modules", "DOTween.Modules.csproj", "{72CF9C10-3A18-7283-8FFE-673ACA91E411}"
EndProject
Project("{FAE04EC0-301F-11D3-BF4B-00C04F79EFBC}") = "Unity.Fusion.CodeGen", "Unity.Fusion.CodeGen.csproj", "{81BF699B-5F46-3A8E-75CB-8F3D848E4246}"
EndProject
Project("{FAE04EC0-301F-11D3-BF4B-00C04F79EFBC}") = "Tayx.Graphy.Editor", "Tayx.Graphy.Editor.csproj", "{EFE7B91A-F9DD-20EE-C3FD-347D17B68110}"
EndProject
Global
	GlobalSection(SolutionConfigurationPlatforms) = preSolution
		Debug|Any CPU = Debug|Any CPU
		Release|Any CPU = Release|Any CPU
	EndGlobalSection
	GlobalSection(ProjectConfigurationPlatforms) = postSolution
		{F87F11E8-5686-AF9E-6AFB-0E9EDCC80D78}.Debug|Any CPU.ActiveCfg = Debug|Any CPU
		{F87F11E8-5686-AF9E-6AFB-0E9EDCC80D78}.Debug|Any CPU.Build.0 = Debug|Any CPU
		{F87F11E8-5686-AF9E-6AFB-0E9EDCC80D78}.Release|Any CPU.ActiveCfg = Release|Any CPU
		{F87F11E8-5686-AF9E-6AFB-0E9EDCC80D78}.Release|Any CPU.Build.0 = Release|Any CPU
		{973F8DF2-716C-02EC-7B67-532F622A40F1}.Debug|Any CPU.ActiveCfg = Debug|Any CPU
		{973F8DF2-716C-02EC-7B67-532F622A40F1}.Debug|Any CPU.Build.0 = Debug|Any CPU
		{973F8DF2-716C-02EC-7B67-532F622A40F1}.Release|Any CPU.ActiveCfg = Release|Any CPU
		{973F8DF2-716C-02EC-7B67-532F622A40F1}.Release|Any CPU.Build.0 = Release|Any CPU
		{9A8EAF55-9403-3E7D-AB44-A0FD6E3096E3}.Debug|Any CPU.ActiveCfg = Debug|Any CPU
		{9A8EAF55-9403-3E7D-AB44-A0FD6E3096E3}.Debug|Any CPU.Build.0 = Debug|Any CPU
		{9A8EAF55-9403-3E7D-AB44-A0FD6E3096E3}.Release|Any CPU.ActiveCfg = Release|Any CPU
		{9A8EAF55-9403-3E7D-AB44-A0FD6E3096E3}.Release|Any CPU.Build.0 = Release|Any CPU
		{5A244635-B7D3-5CD7-D375-816F0871207D}.Debug|Any CPU.ActiveCfg = Debug|Any CPU
		{5A244635-B7D3-5CD7-D375-816F0871207D}.Debug|Any CPU.Build.0 = Debug|Any CPU
		{5A244635-B7D3-5CD7-D375-816F0871207D}.Release|Any CPU.ActiveCfg = Release|Any CPU
		{5A244635-B7D3-5CD7-D375-816F0871207D}.Release|Any CPU.Build.0 = Release|Any CPU
		{0ABB6576-3164-75F1-1FB8-FA9B9FC994C6}.Debug|Any CPU.ActiveCfg = Debug|Any CPU
		{0ABB6576-3164-75F1-1FB8-FA9B9FC994C6}.Debug|Any CPU.Build.0 = Debug|Any CPU
		{0ABB6576-3164-75F1-1FB8-FA9B9FC994C6}.Release|Any CPU.ActiveCfg = Release|Any CPU
		{0ABB6576-3164-75F1-1FB8-FA9B9FC994C6}.Release|Any CPU.Build.0 = Release|Any CPU
		{6D54ED97-6EBD-C96C-460A-80CFD19C85FF}.Debug|Any CPU.ActiveCfg = Debug|Any CPU
		{6D54ED97-6EBD-C96C-460A-80CFD19C85FF}.Debug|Any CPU.Build.0 = Debug|Any CPU
		{6D54ED97-6EBD-C96C-460A-80CFD19C85FF}.Release|Any CPU.ActiveCfg = Release|Any CPU
		{6D54ED97-6EBD-C96C-460A-80CFD19C85FF}.Release|Any CPU.Build.0 = Release|Any CPU
		{72CF9C10-3A18-7283-8FFE-673ACA91E411}.Debug|Any CPU.ActiveCfg = Debug|Any CPU
		{72CF9C10-3A18-7283-8FFE-673ACA91E411}.Debug|Any CPU.Build.0 = Debug|Any CPU
		{72CF9C10-3A18-7283-8FFE-673ACA91E411}.Release|Any CPU.ActiveCfg = Release|Any CPU
		{72CF9C10-3A18-7283-8FFE-673ACA91E411}.Release|Any CPU.Build.0 = Release|Any CPU
		{81BF699B-5F46-3A8E-75CB-8F3D848E4246}.Debug|Any CPU.ActiveCfg = Debug|Any CPU
		{81BF699B-5F46-3A8E-75CB-8F3D848E4246}.Debug|Any CPU.Build.0 = Debug|Any CPU
		{81BF699B-5F46-3A8E-75CB-8F3D848E4246}.Release|Any CPU.ActiveCfg = Release|Any CPU
		{81BF699B-5F46-3A8E-75CB-8F3D848E4246}.Release|Any CPU.Build.0 = Release|Any CPU
		{EFE7B91A-F9DD-20EE-C3FD-347D17B68110}.Debug|Any CPU.ActiveCfg = Debug|Any CPU
		{EFE7B91A-F9DD-20EE-C3FD-347D17B68110}.Debug|Any CPU.Build.0 = Debug|Any CPU
		{EFE7B91A-F9DD-20EE-C3FD-347D17B68110}.Release|Any CPU.ActiveCfg = Release|Any CPU
		{EFE7B91A-F9DD-20EE-C3FD-347D17B68110}.Release|Any CPU.Build.0 = Release|Any CPU
	EndGlobalSection
	GlobalSection(SolutionProperties) = preSolution
		HideSolutionNode = FALSE
	EndGlobalSection
EndGlobal
