
Microsoft Visual Studio Solution File, Format Version 12.00
# Visual Studio 15
Project("{FAE04EC0-301F-11D3-BF4B-00C04F79EFBC}") = "Assembly-CSharp", "Assembly-CSharp.csproj", "{F87F11E8-5686-AF9E-6AFB-0E9EDCC80D78}"
EndProject
Project("{FAE04EC0-301F-11D3-BF4B-00C04F79EFBC}") = "Quantum.Simulation", "Quantum.Simulation.csproj", "{C1E553C8-62E2-B1E9-96CE-032BD2B3D522}"
EndProject
Project("{FAE04EC0-301F-11D3-BF4B-00C04F79EFBC}") = "Quantum.Unity", "Quantum.Unity.csproj", "{217B7018-935B-5834-6210-5F52E7C83AB4}"
EndProject
Project("{FAE04EC0-301F-11D3-BF4B-00C04F79EFBC}") = "Photon.Realtime", "Photon.Realtime.csproj", "{61D82035-FF1F-C237-36C1-7B924B839EC4}"
EndProject
Project("{FAE04EC0-301F-11D3-BF4B-00C04F79EFBC}") = "Assembly-CSharp-Editor", "Assembly-CSharp-Editor.csproj", "{9A8EAF55-9403-3E7D-AB44-A0FD6E3096E3}"
EndProject
Project("{FAE04EC0-301F-11D3-BF4B-00C04F79EFBC}") = "Quantum.Unity.Editor", "Quantum.Unity.Editor.csproj", "{94EACF85-740C-4344-62A2-493E45C23DFB}"
EndProject
Project("{FAE04EC0-301F-11D3-BF4B-00C04F79EFBC}") = "Assembly-CSharp-firstpass", "Assembly-CSharp-firstpass.csproj", "{0ABB6576-3164-75F1-1FB8-FA9B9FC994C6}"
EndProject
Project("{FAE04EC0-301F-11D3-BF4B-00C04F79EFBC}") = "Tayx.Graphy", "Tayx.Graphy.csproj", "{6D54ED97-6EBD-C96C-460A-80CFD19C85FF}"
EndProject
Project("{FAE04EC0-301F-11D3-BF4B-00C04F79EFBC}") = "Tayx.Graphy.Editor", "Tayx.Graphy.Editor.csproj", "{EFE7B91A-F9DD-20EE-C3FD-347D17B68110}"
EndProject
Project("{FAE04EC0-301F-11D3-BF4B-00C04F79EFBC}") = "Quantum.Unity.Editor.CodeGen", "Quantum.Unity.Editor.CodeGen.csproj", "{FC63E232-C905-A72B-F0DB-F6E878A7BED4}"
EndProject
Global
	GlobalSection(SolutionConfigurationPlatforms) = preSolution
		Debug|Any CPU = Debug|Any CPU
		Release|Any CPU = Release|Any CPU
	EndGlobalSection
	GlobalSection(ProjectConfigurationPlatforms) = postSolution
		{F87F11E8-5686-AF9E-6AFB-0E9EDCC80D78}.Debug|Any CPU.ActiveCfg = Debug|Any CPU
		{F87F11E8-5686-AF9E-6AFB-0E9EDCC80D78}.Debug|Any CPU.Build.0 = Debug|Any CPU
		{F87F11E8-5686-AF9E-6AFB-0E9EDCC80D78}.Release|Any CPU.ActiveCfg = Release|Any CPU
		{F87F11E8-5686-AF9E-6AFB-0E9EDCC80D78}.Release|Any CPU.Build.0 = Release|Any CPU
		{C1E553C8-62E2-B1E9-96CE-032BD2B3D522}.Debug|Any CPU.ActiveCfg = Debug|Any CPU
		{C1E553C8-62E2-B1E9-96CE-032BD2B3D522}.Debug|Any CPU.Build.0 = Debug|Any CPU
		{C1E553C8-62E2-B1E9-96CE-032BD2B3D522}.Release|Any CPU.ActiveCfg = Release|Any CPU
		{C1E553C8-62E2-B1E9-96CE-032BD2B3D522}.Release|Any CPU.Build.0 = Release|Any CPU
		{217B7018-935B-5834-6210-5F52E7C83AB4}.Debug|Any CPU.ActiveCfg = Debug|Any CPU
		{217B7018-935B-5834-6210-5F52E7C83AB4}.Debug|Any CPU.Build.0 = Debug|Any CPU
		{217B7018-935B-5834-6210-5F52E7C83AB4}.Release|Any CPU.ActiveCfg = Release|Any CPU
		{217B7018-935B-5834-6210-5F52E7C83AB4}.Release|Any CPU.Build.0 = Release|Any CPU
		{61D82035-FF1F-C237-36C1-7B924B839EC4}.Debug|Any CPU.ActiveCfg = Debug|Any CPU
		{61D82035-FF1F-C237-36C1-7B924B839EC4}.Debug|Any CPU.Build.0 = Debug|Any CPU
		{61D82035-FF1F-C237-36C1-7B924B839EC4}.Release|Any CPU.ActiveCfg = Release|Any CPU
		{61D82035-FF1F-C237-36C1-7B924B839EC4}.Release|Any CPU.Build.0 = Release|Any CPU
		{9A8EAF55-9403-3E7D-AB44-A0FD6E3096E3}.Debug|Any CPU.ActiveCfg = Debug|Any CPU
		{9A8EAF55-9403-3E7D-AB44-A0FD6E3096E3}.Debug|Any CPU.Build.0 = Debug|Any CPU
		{9A8EAF55-9403-3E7D-AB44-A0FD6E3096E3}.Release|Any CPU.ActiveCfg = Release|Any CPU
		{9A8EAF55-9403-3E7D-AB44-A0FD6E3096E3}.Release|Any CPU.Build.0 = Release|Any CPU
		{94EACF85-740C-4344-62A2-493E45C23DFB}.Debug|Any CPU.ActiveCfg = Debug|Any CPU
		{94EACF85-740C-4344-62A2-493E45C23DFB}.Debug|Any CPU.Build.0 = Debug|Any CPU
		{94EACF85-740C-4344-62A2-493E45C23DFB}.Release|Any CPU.ActiveCfg = Release|Any CPU
		{94EACF85-740C-4344-62A2-493E45C23DFB}.Release|Any CPU.Build.0 = Release|Any CPU
		{0ABB6576-3164-75F1-1FB8-FA9B9FC994C6}.Debug|Any CPU.ActiveCfg = Debug|Any CPU
		{0ABB6576-3164-75F1-1FB8-FA9B9FC994C6}.Debug|Any CPU.Build.0 = Debug|Any CPU
		{0ABB6576-3164-75F1-1FB8-FA9B9FC994C6}.Release|Any CPU.ActiveCfg = Release|Any CPU
		{0ABB6576-3164-75F1-1FB8-FA9B9FC994C6}.Release|Any CPU.Build.0 = Release|Any CPU
		{6D54ED97-6EBD-C96C-460A-80CFD19C85FF}.Debug|Any CPU.ActiveCfg = Debug|Any CPU
		{6D54ED97-6EBD-C96C-460A-80CFD19C85FF}.Debug|Any CPU.Build.0 = Debug|Any CPU
		{6D54ED97-6EBD-C96C-460A-80CFD19C85FF}.Release|Any CPU.ActiveCfg = Release|Any CPU
		{6D54ED97-6EBD-C96C-460A-80CFD19C85FF}.Release|Any CPU.Build.0 = Release|Any CPU
		{EFE7B91A-F9DD-20EE-C3FD-347D17B68110}.Debug|Any CPU.ActiveCfg = Debug|Any CPU
		{EFE7B91A-F9DD-20EE-C3FD-347D17B68110}.Debug|Any CPU.Build.0 = Debug|Any CPU
		{EFE7B91A-F9DD-20EE-C3FD-347D17B68110}.Release|Any CPU.ActiveCfg = Release|Any CPU
		{EFE7B91A-F9DD-20EE-C3FD-347D17B68110}.Release|Any CPU.Build.0 = Release|Any CPU
		{FC63E232-C905-A72B-F0DB-F6E878A7BED4}.Debug|Any CPU.ActiveCfg = Debug|Any CPU
		{FC63E232-C905-A72B-F0DB-F6E878A7BED4}.Debug|Any CPU.Build.0 = Debug|Any CPU
		{FC63E232-C905-A72B-F0DB-F6E878A7BED4}.Release|Any CPU.ActiveCfg = Release|Any CPU
		{FC63E232-C905-A72B-F0DB-F6E878A7BED4}.Release|Any CPU.Build.0 = Release|Any CPU
	EndGlobalSection
	GlobalSection(SolutionProperties) = preSolution
		HideSolutionNode = FALSE
	EndGlobalSection
EndGlobal
